
Microsoft Visual Studio Solution File, Format Version 12.00
# Visual Studio Version 17
VisualStudioVersion = 17.0.31903.59
MinimumVisualStudioVersion = 10.0.40219.1
Project("{2150E333-8FDC-42A3-9474-1A3956D46DE8}") = "src", "src", "{2E0EC30B-55FC-4137-BDD5-EBCBEA8D2705}"
EndProject
Project("{9A19103F-16F7-4668-BE54-9A1E7A4F7556}") = "Warehouse.Core", "src\Warehouse.Core\Warehouse.Core.csproj", "{A36294D5-3CB8-4595-9043-050EB801791B}"
EndProject
Project("{9A19103F-16F7-4668-BE54-9A1E7A4F7556}") = "Warehouse.ConsoleApp", "src\Warehouse.ConsoleApp\Warehouse.ConsoleApp.csproj", "{BFA9EA5C-22AC-4711-B895-E896B5549C04}"
EndProject
Project("{2150E333-8FDC-42A3-9474-1A3956D46DE8}") = "tests", "tests", "{C3AAB112-1171-448C-8D3E-5DA96C92C7AD}"
EndProject
Project("{9A19103F-16F7-4668-BE54-9A1E7A4F7556}") = "Warehouse.Core.Tests", "tests\Warehouse.Core.Tests\Warehouse.Core.Tests.csproj", "{F3835054-B1FF-4CE4-9933-1387F58F3903}"
EndProject
Global
	GlobalSection(SolutionConfigurationPlatforms) = preSolution
		Debug|Any CPU = Debug|Any CPU
		Release|Any CPU = Release|Any CPU
	EndGlobalSection
	GlobalSection(ProjectConfigurationPlatforms) = postSolution
		{A36294D5-3CB8-4595-9043-050EB801791B}.Debug|Any CPU.ActiveCfg = Debug|Any CPU
		{A36294D5-3CB8-4595-9043-050EB801791B}.Debug|Any CPU.Build.0 = Debug|Any CPU
		{A36294D5-3CB8-4595-9043-050EB801791B}.Release|Any CPU.ActiveCfg = Release|Any CPU
		{A36294D5-3CB8-4595-9043-050EB801791B}.Release|Any CPU.Build.0 = Release|Any CPU
		{BFA9EA5C-22AC-4711-B895-E896B5549C04}.Debug|Any CPU.ActiveCfg = Debug|Any CPU
		{BFA9EA5C-22AC-4711-B895-E896B5549C04}.Debug|Any CPU.Build.0 = Debug|Any CPU
		{BFA9EA5C-22AC-4711-B895-E896B5549C04}.Release|Any CPU.ActiveCfg = Release|Any CPU
		{BFA9EA5C-22AC-4711-B895-E896B5549C04}.Release|Any CPU.Build.0 = Release|Any CPU
		{F3835054-B1FF-4CE4-9933-1387F58F3903}.Debug|Any CPU.ActiveCfg = Debug|Any CPU
		{F3835054-B1FF-4CE4-9933-1387F58F3903}.Debug|Any CPU.Build.0 = Debug|Any CPU
		{F3835054-B1FF-4CE4-9933-1387F58F3903}.Release|Any CPU.ActiveCfg = Release|Any CPU
		{F3835054-B1FF-4CE4-9933-1387F58F3903}.Release|Any CPU.Build.0 = Release|Any CPU
	EndGlobalSection
	GlobalSection(SolutionProperties) = preSolution
		HideSolutionNode = FALSE
	EndGlobalSection
	GlobalSection(NestedProjects) = preSolution
		{A36294D5-3CB8-4595-9043-050EB801791B} = {2E0EC30B-55FC-4137-BDD5-EBCBEA8D2705}
		{BFA9EA5C-22AC-4711-B895-E896B5549C04} = {2E0EC30B-55FC-4137-BDD5-EBCBEA8D2705}
		{F3835054-B1FF-4CE4-9933-1387F58F3903} = {C3AAB112-1171-448C-8D3E-5DA96C92C7AD}
	EndGlobalSection
	GlobalSection(ExtensibilityGlobals) = postSolution
		SolutionGuid = {71B3AD39-9084-408D-94BB-490E0FA65D21}
	EndGlobalSection
EndGlobal
